// !$*UTF8*$!
{
	archiveVersion = 1;
	classes = {
	};
	objectVersion = 48;
	objects = {

/* Begin PBXBuildFile section */
		50831E2C1F82D5DC00687AAF /* AppDelegate.swift in Sources */ = {isa = PBXBuildFile; fileRef = 50831E2B1F82D5DC00687AAF /* AppDelegate.swift */; };
		50831E2E1F82D5DC00687AAF /* ViewController.swift in Sources */ = {isa = PBXBuildFile; fileRef = 50831E2D1F82D5DC00687AAF /* ViewController.swift */; };
		50831E311F82D5DC00687AAF /* Main.storyboard in Resources */ = {isa = PBXBuildFile; fileRef = 50831E2F1F82D5DC00687AAF /* Main.storyboard */; };
		50831E331F82D5DC00687AAF /* Assets.xcassets in Resources */ = {isa = PBXBuildFile; fileRef = 50831E321F82D5DC00687AAF /* Assets.xcassets */; };
		50831E361F82D5DC00687AAF /* LaunchScreen.storyboard in Resources */ = {isa = PBXBuildFile; fileRef = 50831E341F82D5DC00687AAF /* LaunchScreen.storyboard */; };
		806FC0EE2232F15E0019C897 /* TemplateFramework.framework in Frameworks */ = {isa = PBXBuildFile; fileRef = 806FC0EC2232F15B0019C897 /* TemplateFramework.framework */; };
		806FC0EF2232F15E0019C897 /* TemplateFramework.framework in Embed Frameworks */ = {isa = PBXBuildFile; fileRef = 806FC0EC2232F15B0019C897 /* TemplateFramework.framework */; settings = {ATTRIBUTES = (CodeSignOnCopy, RemoveHeadersOnCopy, ); }; };
		80A86CF822302B0A00DB6730 /* CameraFramework.framework in Embed Frameworks */ = {isa = PBXBuildFile; fileRef = 80A86CF522302AFD00DB6730 /* CameraFramework.framework */; settings = {ATTRIBUTES = (CodeSignOnCopy, RemoveHeadersOnCopy, ); }; };
		80A86CFA22302B0A00DB6730 /* NetworkFramework.framework in Embed Frameworks */ = {isa = PBXBuildFile; fileRef = 80A86CF322302AF300DB6730 /* NetworkFramework.framework */; settings = {ATTRIBUTES = (CodeSignOnCopy, RemoveHeadersOnCopy, ); }; };
		80A86CFC22302B0A00DB6730 /* UtilityFramework.framework in Embed Frameworks */ = {isa = PBXBuildFile; fileRef = 80A86CF122302AE300DB6730 /* UtilityFramework.framework */; settings = {ATTRIBUTES = (CodeSignOnCopy, RemoveHeadersOnCopy, ); }; };
		80A86CFD22302B1200DB6730 /* CameraFramework.framework in Frameworks */ = {isa = PBXBuildFile; fileRef = 80A86CF522302AFD00DB6730 /* CameraFramework.framework */; };
		80A86CFE22302B1200DB6730 /* NetworkFramework.framework in Frameworks */ = {isa = PBXBuildFile; fileRef = 80A86CF322302AF300DB6730 /* NetworkFramework.framework */; };
		80A86CFF22302B1200DB6730 /* UtilityFramework.framework in Frameworks */ = {isa = PBXBuildFile; fileRef = 80A86CF122302AE300DB6730 /* UtilityFramework.framework */; };
		80AC6C98222EFB7B00B76A7C /* ViewModel.swift in Sources */ = {isa = PBXBuildFile; fileRef = 80AC6C97222EFB7A00B76A7C /* ViewModel.swift */; };
		80DC83112231AD8A00E369F0 /* contactView.swift in Sources */ = {isa = PBXBuildFile; fileRef = 80DC83102231AD8A00E369F0 /* contactView.swift */; };
		80F3305622316DBA0010C156 /* contactView.xib in Resources */ = {isa = PBXBuildFile; fileRef = 80F3305522316DBA0010C156 /* contactView.xib */; };
		80F9BD03223AB8E10025EB54 /* Neon.framework in Frameworks */ = {isa = PBXBuildFile; fileRef = 80F9BD01223AB8CC0025EB54 /* Neon.framework */; };
		80F9BD04223AB8E10025EB54 /* Neon.framework in Embed Frameworks */ = {isa = PBXBuildFile; fileRef = 80F9BD01223AB8CC0025EB54 /* Neon.framework */; settings = {ATTRIBUTES = (CodeSignOnCopy, RemoveHeadersOnCopy, ); }; };
		80FECC5F2230592D009DCF1A /* View.xib in Resources */ = {isa = PBXBuildFile; fileRef = 80FECC5E2230592D009DCF1A /* View.xib */; };
		80FECC63223062BA009DCF1A /* TableViewController.swift in Sources */ = {isa = PBXBuildFile; fileRef = 80FECC62223062BA009DCF1A /* TableViewController.swift */; };
/* End PBXBuildFile section */

/* Begin PBXCopyFilesBuildPhase section */
		80CCEA8522302A4F0074DE50 /* Embed Frameworks */ = {
			isa = PBXCopyFilesBuildPhase;
			buildActionMask = 2147483647;
			dstPath = "";
			dstSubfolderSpec = 10;
			files = (
				80A86CFC22302B0A00DB6730 /* UtilityFramework.framework in Embed Frameworks */,
				806FC0EF2232F15E0019C897 /* TemplateFramework.framework in Embed Frameworks */,
				80A86CFA22302B0A00DB6730 /* NetworkFramework.framework in Embed Frameworks */,
				80F9BD04223AB8E10025EB54 /* Neon.framework in Embed Frameworks */,
				80A86CF822302B0A00DB6730 /* CameraFramework.framework in Embed Frameworks */,
			);
			name = "Embed Frameworks";
			runOnlyForDeploymentPostprocessing = 0;
		};
/* End PBXCopyFilesBuildPhase section */

/* Begin PBXFileReference section */
		50831E281F82D5DC00687AAF /* SampleApplication.app */ = {isa = PBXFileReference; explicitFileType = wrapper.application; includeInIndex = 0; path = SampleApplication.app; sourceTree = BUILT_PRODUCTS_DIR; };
		50831E2B1F82D5DC00687AAF /* AppDelegate.swift */ = {isa = PBXFileReference; lastKnownFileType = sourcecode.swift; path = AppDelegate.swift; sourceTree = "<group>"; };
		50831E2D1F82D5DC00687AAF /* ViewController.swift */ = {isa = PBXFileReference; lastKnownFileType = sourcecode.swift; path = ViewController.swift; sourceTree = "<group>"; };
		50831E301F82D5DC00687AAF /* Base */ = {isa = PBXFileReference; lastKnownFileType = file.storyboard; name = Base; path = Base.lproj/Main.storyboard; sourceTree = "<group>"; };
		50831E321F82D5DC00687AAF /* Assets.xcassets */ = {isa = PBXFileReference; lastKnownFileType = folder.assetcatalog; path = Assets.xcassets; sourceTree = "<group>"; };
		50831E351F82D5DC00687AAF /* Base */ = {isa = PBXFileReference; lastKnownFileType = file.storyboard; name = Base; path = Base.lproj/LaunchScreen.storyboard; sourceTree = "<group>"; };
		50831E371F82D5DC00687AAF /* Info.plist */ = {isa = PBXFileReference; lastKnownFileType = text.plist.xml; path = Info.plist; sourceTree = "<group>"; };
		806FC0EC2232F15B0019C897 /* TemplateFramework.framework */ = {isa = PBXFileReference; lastKnownFileType = wrapper.framework; name = TemplateFramework.framework; path = "../../../../Library/Developer/Xcode/DerivedData/Frameworks-cioznbdotbkavpfehjuzfoxdwtml/Build/Products/Debug-iphonesimulator/TemplateFramework.framework"; sourceTree = "<group>"; };
		80A86CF122302AE300DB6730 /* UtilityFramework.framework */ = {isa = PBXFileReference; lastKnownFileType = wrapper.framework; name = UtilityFramework.framework; path = "../../../../Library/Developer/Xcode/DerivedData/Frameworks-cioznbdotbkavpfehjuzfoxdwtml/Build/Products/Debug-iphonesimulator/UtilityFramework.framework"; sourceTree = "<group>"; };
		80A86CF322302AF300DB6730 /* NetworkFramework.framework */ = {isa = PBXFileReference; lastKnownFileType = wrapper.framework; name = NetworkFramework.framework; path = "../../../../Library/Developer/Xcode/DerivedData/Frameworks-cioznbdotbkavpfehjuzfoxdwtml/Build/Products/Debug-iphonesimulator/NetworkFramework.framework"; sourceTree = "<group>"; };
		80A86CF522302AFD00DB6730 /* CameraFramework.framework */ = {isa = PBXFileReference; lastKnownFileType = wrapper.framework; name = CameraFramework.framework; path = "../../../../Library/Developer/Xcode/DerivedData/Frameworks-cioznbdotbkavpfehjuzfoxdwtml/Build/Products/Debug-iphonesimulator/CameraFramework.framework"; sourceTree = "<group>"; };
		80AC6C97222EFB7A00B76A7C /* ViewModel.swift */ = {isa = PBXFileReference; fileEncoding = 4; lastKnownFileType = sourcecode.swift; path = ViewModel.swift; sourceTree = "<group>"; };
		80DC83102231AD8A00E369F0 /* contactView.swift */ = {isa = PBXFileReference; fileEncoding = 4; lastKnownFileType = sourcecode.swift; path = contactView.swift; sourceTree = "<group>"; };
		80F3305522316DBA0010C156 /* contactView.xib */ = {isa = PBXFileReference; fileEncoding = 4; lastKnownFileType = file.xib; path = contactView.xib; sourceTree = "<group>"; };
		80F9BD01223AB8CC0025EB54 /* Neon.framework */ = {isa = PBXFileReference; lastKnownFileType = wrapper.framework; name = Neon.framework; path = "../../../../Library/Developer/Xcode/DerivedData/Frameworks-cioznbdotbkavpfehjuzfoxdwtml/Build/Products/Debug-iphoneos/Neon.framework"; sourceTree = "<group>"; };
		80FECC5E2230592D009DCF1A /* View.xib */ = {isa = PBXFileReference; fileEncoding = 4; lastKnownFileType = file.xib; path = View.xib; sourceTree = "<group>"; };
		80FECC62223062BA009DCF1A /* TableViewController.swift */ = {isa = PBXFileReference; lastKnownFileType = sourcecode.swift; path = TableViewController.swift; sourceTree = "<group>"; };
/* End PBXFileReference section */

/* Begin PBXFrameworksBuildPhase section */
		50831E251F82D5DC00687AAF /* Frameworks */ = {
			isa = PBXFrameworksBuildPhase;
			buildActionMask = 2147483647;
			files = (
				80F9BD03223AB8E10025EB54 /* Neon.framework in Frameworks */,
				80A86CFD22302B1200DB6730 /* CameraFramework.framework in Frameworks */,
				806FC0EE2232F15E0019C897 /* TemplateFramework.framework in Frameworks */,
				80A86CFE22302B1200DB6730 /* NetworkFramework.framework in Frameworks */,
				80A86CFF22302B1200DB6730 /* UtilityFramework.framework in Frameworks */,
			);
			runOnlyForDeploymentPostprocessing = 0;
		};
/* End PBXFrameworksBuildPhase section */

/* Begin PBXGroup section */
		50831E1F1F82D5DC00687AAF = {
			isa = PBXGroup;
			children = (
				50831E3D1F82D65300687AAF /* Frameworks */,
				50831E2A1F82D5DC00687AAF /* SampleApplication */,
				50831E291F82D5DC00687AAF /* Products */,
			);
			sourceTree = "<group>";
		};
		50831E291F82D5DC00687AAF /* Products */ = {
			isa = PBXGroup;
			children = (
				50831E281F82D5DC00687AAF /* SampleApplication.app */,
			);
			name = Products;
			sourceTree = "<group>";
		};
		50831E2A1F82D5DC00687AAF /* SampleApplication */ = {
			isa = PBXGroup;
			children = (
				80DC830F2231ACF300E369F0 /* XIbView */,
				80AC6C97222EFB7A00B76A7C /* ViewModel.swift */,
				50831E2B1F82D5DC00687AAF /* AppDelegate.swift */,
				50831E2D1F82D5DC00687AAF /* ViewController.swift */,
				50831E2F1F82D5DC00687AAF /* Main.storyboard */,
				50831E321F82D5DC00687AAF /* Assets.xcassets */,
				50831E341F82D5DC00687AAF /* LaunchScreen.storyboard */,
				50831E371F82D5DC00687AAF /* Info.plist */,
			);
			path = SampleApplication;
			sourceTree = "<group>";
		};
		50831E3D1F82D65300687AAF /* Frameworks */ = {
			isa = PBXGroup;
			children = (
				80F9BD01223AB8CC0025EB54 /* Neon.framework */,
				806FC0EC2232F15B0019C897 /* TemplateFramework.framework */,
				80A86CF522302AFD00DB6730 /* CameraFramework.framework */,
				80A86CF322302AF300DB6730 /* NetworkFramework.framework */,
				80A86CF122302AE300DB6730 /* UtilityFramework.framework */,
			);
			path = Frameworks;
			sourceTree = "<group>";
		};
		80DC830F2231ACF300E369F0 /* XIbView */ = {
			isa = PBXGroup;
			children = (
				80DC83102231AD8A00E369F0 /* contactView.swift */,
				80FECC62223062BA009DCF1A /* TableViewController.swift */,
				80F3305522316DBA0010C156 /* contactView.xib */,
				80FECC5E2230592D009DCF1A /* View.xib */,
			);
			path = XIbView;
			sourceTree = "<group>";
		};
/* End PBXGroup section */

/* Begin PBXNativeTarget section */
		50831E271F82D5DC00687AAF /* SampleApplication */ = {
			isa = PBXNativeTarget;
			buildConfigurationList = 50831E3A1F82D5DC00687AAF /* Build configuration list for PBXNativeTarget "SampleApplication" */;
			buildPhases = (
				50831E241F82D5DC00687AAF /* Sources */,
				50831E251F82D5DC00687AAF /* Frameworks */,
				50831E261F82D5DC00687AAF /* Resources */,
				80CCEA8522302A4F0074DE50 /* Embed Frameworks */,
			);
			buildRules = (
			);
			dependencies = (
			);
			name = SampleApplication;
			productName = SampleApplication;
			productReference = 50831E281F82D5DC00687AAF /* SampleApplication.app */;
			productType = "com.apple.product-type.application";
		};
/* End PBXNativeTarget section */

/* Begin PBXProject section */
		50831E201F82D5DC00687AAF /* Project object */ = {
			isa = PBXProject;
			attributes = {
				LastSwiftUpdateCheck = 0900;
				LastUpgradeCheck = 1010;
				ORGANIZATIONNAME = "David Okun";
				TargetAttributes = {
					50831E271F82D5DC00687AAF = {
						CreatedOnToolsVersion = 9.0;
						LastSwiftMigration = 1010;
						ProvisioningStyle = Automatic;
					};
				};
			};
			buildConfigurationList = 50831E231F82D5DC00687AAF /* Build configuration list for PBXProject "SampleApplication" */;
			compatibilityVersion = "Xcode 8.0";
			developmentRegion = en;
			hasScannedForEncodings = 0;
			knownRegions = (
				en,
				Base,
			);
			mainGroup = 50831E1F1F82D5DC00687AAF;
			productRefGroup = 50831E291F82D5DC00687AAF /* Products */;
			projectDirPath = "";
			projectRoot = "";
			targets = (
				50831E271F82D5DC00687AAF /* SampleApplication */,
			);
		};
/* End PBXProject section */

/* Begin PBXResourcesBuildPhase section */
		50831E261F82D5DC00687AAF /* Resources */ = {
			isa = PBXResourcesBuildPhase;
			buildActionMask = 2147483647;
			files = (
				80FECC5F2230592D009DCF1A /* View.xib in Resources */,
				50831E361F82D5DC00687AAF /* LaunchScreen.storyboard in Resources */,
				50831E331F82D5DC00687AAF /* Assets.xcassets in Resources */,
				80F3305622316DBA0010C156 /* contactView.xib in Resources */,
				50831E311F82D5DC00687AAF /* Main.storyboard in Resources */,
			);
			runOnlyForDeploymentPostprocessing = 0;
		};
/* End PBXResourcesBuildPhase section */

/* Begin PBXSourcesBuildPhase section */
		50831E241F82D5DC00687AAF /* Sources */ = {
			isa = PBXSourcesBuildPhase;
			buildActionMask = 2147483647;
			files = (
				50831E2E1F82D5DC00687AAF /* ViewController.swift in Sources */,
				80AC6C98222EFB7B00B76A7C /* ViewModel.swift in Sources */,
				80FECC63223062BA009DCF1A /* TableViewController.swift in Sources */,
				80DC83112231AD8A00E369F0 /* contactView.swift in Sources */,
				50831E2C1F82D5DC00687AAF /* AppDelegate.swift in Sources */,
			);
			runOnlyForDeploymentPostprocessing = 0;
		};
/* End PBXSourcesBuildPhase section */

/* Begin PBXVariantGroup section */
		50831E2F1F82D5DC00687AAF /* Main.storyboard */ = {
			isa = PBXVariantGroup;
			children = (
				50831E301F82D5DC00687AAF /* Base */,
			);
			name = Main.storyboard;
			sourceTree = "<group>";
		};
		50831E341F82D5DC00687AAF /* LaunchScreen.storyboard */ = {
			isa = PBXVariantGroup;
			children = (
				50831E351F82D5DC00687AAF /* Base */,
			);
			name = LaunchScreen.storyboard;
			sourceTree = "<group>";
		};
/* End PBXVariantGroup section */

/* Begin XCBuildConfiguration section */
		50831E381F82D5DC00687AAF /* Debug */ = {
			isa = XCBuildConfiguration;
			buildSettings = {
				ALWAYS_SEARCH_USER_PATHS = NO;
				CLANG_ANALYZER_NONNULL = YES;
				CLANG_ANALYZER_NUMBER_OBJECT_CONVERSION = YES_AGGRESSIVE;
				CLANG_CXX_LANGUAGE_STANDARD = "gnu++14";
				CLANG_CXX_LIBRARY = "libc++";
				CLANG_ENABLE_MODULES = YES;
				CLANG_ENABLE_OBJC_ARC = YES;
				CLANG_WARN_BLOCK_CAPTURE_AUTORELEASING = YES;
				CLANG_WARN_BOOL_CONVERSION = YES;
				CLANG_WARN_COMMA = YES;
				CLANG_WARN_CONSTANT_CONVERSION = YES;
				CLANG_WARN_DEPRECATED_OBJC_IMPLEMENTATIONS = YES;
				CLANG_WARN_DIRECT_OBJC_ISA_USAGE = YES_ERROR;
				CLANG_WARN_DOCUMENTATION_COMMENTS = YES;
				CLANG_WARN_EMPTY_BODY = YES;
				CLANG_WARN_ENUM_CONVERSION = YES;
				CLANG_WARN_INFINITE_RECURSION = YES;
				CLANG_WARN_INT_CONVERSION = YES;
				CLANG_WARN_NON_LITERAL_NULL_CONVERSION = YES;
				CLANG_WARN_OBJC_IMPLICIT_RETAIN_SELF = YES;
				CLANG_WARN_OBJC_LITERAL_CONVERSION = YES;
				CLANG_WARN_OBJC_ROOT_CLASS = YES_ERROR;
				CLANG_WARN_RANGE_LOOP_ANALYSIS = YES;
				CLANG_WARN_STRICT_PROTOTYPES = YES;
				CLANG_WARN_SUSPICIOUS_MOVE = YES;
				CLANG_WARN_UNGUARDED_AVAILABILITY = YES_AGGRESSIVE;
				CLANG_WARN_UNREACHABLE_CODE = YES;
				CLANG_WARN__DUPLICATE_METHOD_MATCH = YES;
				CODE_SIGN_IDENTITY = "iPhone Developer";
				COPY_PHASE_STRIP = NO;
				DEBUG_INFORMATION_FORMAT = dwarf;
				ENABLE_STRICT_OBJC_MSGSEND = YES;
				ENABLE_TESTABILITY = YES;
				GCC_C_LANGUAGE_STANDARD = gnu11;
				GCC_DYNAMIC_NO_PIC = NO;
				GCC_NO_COMMON_BLOCKS = YES;
				GCC_OPTIMIZATION_LEVEL = 0;
				GCC_PREPROCESSOR_DEFINITIONS = (
					"DEBUG=1",
					"$(inherited)",
				);
				GCC_WARN_64_TO_32_BIT_CONVERSION = YES;
				GCC_WARN_ABOUT_RETURN_TYPE = YES_ERROR;
				GCC_WARN_UNDECLARED_SELECTOR = YES;
				GCC_WARN_UNINITIALIZED_AUTOS = YES_AGGRESSIVE;
				GCC_WARN_UNUSED_FUNCTION = YES;
				GCC_WARN_UNUSED_VARIABLE = YES;
				IPHONEOS_DEPLOYMENT_TARGET = 11.0;
				MTL_ENABLE_DEBUG_INFO = YES;
				NEW_SETTING = "";
				ONLY_ACTIVE_ARCH = YES;
				SDKROOT = iphoneos;
				SWIFT_ACTIVE_COMPILATION_CONDITIONS = DEBUG;
				SWIFT_OPTIMIZATION_LEVEL = "-Onone";
			};
			name = Debug;
		};
		50831E391F82D5DC00687AAF /* Release */ = {
			isa = XCBuildConfiguration;
			buildSettings = {
				ALWAYS_SEARCH_USER_PATHS = NO;
				CLANG_ANALYZER_NONNULL = YES;
				CLANG_ANALYZER_NUMBER_OBJECT_CONVERSION = YES_AGGRESSIVE;
				CLANG_CXX_LANGUAGE_STANDARD = "gnu++14";
				CLANG_CXX_LIBRARY = "libc++";
				CLANG_ENABLE_MODULES = YES;
				CLANG_ENABLE_OBJC_ARC = YES;
				CLANG_WARN_BLOCK_CAPTURE_AUTORELEASING = YES;
				CLANG_WARN_BOOL_CONVERSION = YES;
				CLANG_WARN_COMMA = YES;
				CLANG_WARN_CONSTANT_CONVERSION = YES;
				CLANG_WARN_DEPRECATED_OBJC_IMPLEMENTATIONS = YES;
				CLANG_WARN_DIRECT_OBJC_ISA_USAGE = YES_ERROR;
				CLANG_WARN_DOCUMENTATION_COMMENTS = YES;
				CLANG_WARN_EMPTY_BODY = YES;
				CLANG_WARN_ENUM_CONVERSION = YES;
				CLANG_WARN_INFINITE_RECURSION = YES;
				CLANG_WARN_INT_CONVERSION = YES;
				CLANG_WARN_NON_LITERAL_NULL_CONVERSION = YES;
				CLANG_WARN_OBJC_IMPLICIT_RETAIN_SELF = YES;
				CLANG_WARN_OBJC_LITERAL_CONVERSION = YES;
				CLANG_WARN_OBJC_ROOT_CLASS = YES_ERROR;
				CLANG_WARN_RANGE_LOOP_ANALYSIS = YES;
				CLANG_WARN_STRICT_PROTOTYPES = YES;
				CLANG_WARN_SUSPICIOUS_MOVE = YES;
				CLANG_WARN_UNGUARDED_AVAILABILITY = YES_AGGRESSIVE;
				CLANG_WARN_UNREACHABLE_CODE = YES;
				CLANG_WARN__DUPLICATE_METHOD_MATCH = YES;
				CODE_SIGN_IDENTITY = "iPhone Developer";
				COPY_PHASE_STRIP = NO;
				DEBUG_INFORMATION_FORMAT = "dwarf-with-dsym";
				ENABLE_NS_ASSERTIONS = NO;
				ENABLE_STRICT_OBJC_MSGSEND = YES;
				GCC_C_LANGUAGE_STANDARD = gnu11;
				GCC_NO_COMMON_BLOCKS = YES;
				GCC_WARN_64_TO_32_BIT_CONVERSION = YES;
				GCC_WARN_ABOUT_RETURN_TYPE = YES_ERROR;
				GCC_WARN_UNDECLARED_SELECTOR = YES;
				GCC_WARN_UNINITIALIZED_AUTOS = YES_AGGRESSIVE;
				GCC_WARN_UNUSED_FUNCTION = YES;
				GCC_WARN_UNUSED_VARIABLE = YES;
				IPHONEOS_DEPLOYMENT_TARGET = 11.0;
				MTL_ENABLE_DEBUG_INFO = NO;
				NEW_SETTING = "";
				SDKROOT = iphoneos;
				SWIFT_OPTIMIZATION_LEVEL = "-Owholemodule";
				VALIDATE_PRODUCT = YES;
			};
			name = Release;
		};
		50831E3B1F82D5DC00687AAF /* Debug */ = {
			isa = XCBuildConfiguration;
			buildSettings = {
				ASSETCATALOG_COMPILER_APPICON_NAME = AppIcon;
				CODE_SIGN_STYLE = Automatic;
				DEVELOPMENT_TEAM = 68AG4FVQ5X;
				FRAMEWORK_SEARCH_PATHS = (
					"$(inherited)",
					"$(PROJECT_DIR)/Frameworks",
				);
				INFOPLIST_FILE = SampleApplication/Info.plist;
				LD_RUNPATH_SEARCH_PATHS = "$(inherited) @executable_path/Frameworks";
				PRODUCT_BUNDLE_IDENTIFIER = yusong.SampleApplication;
				PRODUCT_NAME = "$(TARGET_NAME)";
				SWIFT_VERSION = 4.2;
				TARGETED_DEVICE_FAMILY = "1,2";
			};
			name = Debug;
		};
		50831E3C1F82D5DC00687AAF /* Release */ = {
			isa = XCBuildConfiguration;
			buildSettings = {
				ASSETCATALOG_COMPILER_APPICON_NAME = AppIcon;
				CODE_SIGN_STYLE = Automatic;
				DEVELOPMENT_TEAM = 68AG4FVQ5X;
				FRAMEWORK_SEARCH_PATHS = (
					"$(inherited)",
					"$(PROJECT_DIR)/Frameworks",
				);
				INFOPLIST_FILE = SampleApplication/Info.plist;
				LD_RUNPATH_SEARCH_PATHS = "$(inherited) @executable_path/Frameworks";
				PRODUCT_BUNDLE_IDENTIFIER = yusong.SampleApplication;
				PRODUCT_NAME = "$(TARGET_NAME)";
				SWIFT_VERSION = 4.2;
				TARGETED_DEVICE_FAMILY = "1,2";
			};
			name = Release;
		};
/* End XCBuildConfiguration section */

/* Begin XCConfigurationList section */
		50831E231F82D5DC00687AAF /* Build configuration list for PBXProject "SampleApplication" */ = {
			isa = XCConfigurationList;
			buildConfigurations = (
				50831E381F82D5DC00687AAF /* Debug */,
				50831E391F82D5DC00687AAF /* Release */,
			);
			defaultConfigurationIsVisible = 0;
			defaultConfigurationName = Release;
		};
		50831E3A1F82D5DC00687AAF /* Build configuration list for PBXNativeTarget "SampleApplication" */ = {
			isa = XCConfigurationList;
			buildConfigurations = (
				50831E3B1F82D5DC00687AAF /* Debug */,
				50831E3C1F82D5DC00687AAF /* Release */,
			);
			defaultConfigurationIsVisible = 0;
			defaultConfigurationName = Release;
		};
/* End XCConfigurationList section */
	};
	rootObject = 50831E201F82D5DC00687AAF /* Project object */;
}
